
Microsoft Visual Studio Solution File, Format Version 12.00
# Visual Studio 15
VisualStudioVersion = 15.0.28010.2026
MinimumVisualStudioVersion = 10.0.40219.1
Project("{FAE04EC0-301F-11D3-BF4B-00C04F79EFBC}") = "FiguresLib", "FiguresLib\FiguresLib.csproj", "{02163436-30C1-4969-BDCC-6A7D11A5A9C7}"
EndProject
Project("{FAE04EC0-301F-11D3-BF4B-00C04F79EFBC}") = "FiguresTestApp", "FiguresTestApp\FiguresTestApp.csproj", "{0ED28644-C750-472C-A7B9-7A1E8EB017D3}"
EndProject
Global
	GlobalSection(SolutionConfigurationPlatforms) = preSolution
		Debug|Any CPU = Debug|Any CPU
		Release|Any CPU = Release|Any CPU
	EndGlobalSection
	GlobalSection(ProjectConfigurationPlatforms) = postSolution
		{02163436-30C1-4969-BDCC-6A7D11A5A9C7}.Debug|Any CPU.ActiveCfg = Debug|Any CPU
		{02163436-30C1-4969-BDCC-6A7D11A5A9C7}.Debug|Any CPU.Build.0 = Debug|Any CPU
		{02163436-30C1-4969-BDCC-6A7D11A5A9C7}.Release|Any CPU.ActiveCfg = Release|Any CPU
		{02163436-30C1-4969-BDCC-6A7D11A5A9C7}.Release|Any CPU.Build.0 = Release|Any CPU
		{0ED28644-C750-472C-A7B9-7A1E8EB017D3}.Debug|Any CPU.ActiveCfg = Debug|Any CPU
		{0ED28644-C750-472C-A7B9-7A1E8EB017D3}.Debug|Any CPU.Build.0 = Debug|Any CPU
		{0ED28644-C750-472C-A7B9-7A1E8EB017D3}.Release|Any CPU.ActiveCfg = Release|Any CPU
		{0ED28644-C750-472C-A7B9-7A1E8EB017D3}.Release|Any CPU.Build.0 = Release|Any CPU
	EndGlobalSection
	GlobalSection(SolutionProperties) = preSolution
		HideSolutionNode = FALSE
	EndGlobalSection
	GlobalSection(ExtensibilityGlobals) = postSolution
		SolutionGuid = {704FF11D-7E65-4A92-BF8D-B226BAD734A9}
	EndGlobalSection
EndGlobal
